
Microsoft Visual Studio Solution File, Format Version 12.00
# Visual Studio Version 17
VisualStudioVersion = 17.7.34024.191
MinimumVisualStudioVersion = 10.0.40219.1
Project("{FAE04EC0-301F-11D3-BF4B-00C04F79EFBC}") = "UnidadV", "UnidadV.csproj", "{57258E8E-5117-490A-91C9-BDA7E173676C}"
EndProject
Global
	GlobalSection(SolutionConfigurationPlatforms) = preSolution
		Debug|Any CPU = Debug|Any CPU
		Release|Any CPU = Release|Any CPU
	EndGlobalSection
	GlobalSection(ProjectConfigurationPlatforms) = postSolution
		{57258E8E-5117-490A-91C9-BDA7E173676C}.Debug|Any CPU.ActiveCfg = Debug|Any CPU
		{57258E8E-5117-490A-91C9-BDA7E173676C}.Debug|Any CPU.Build.0 = Debug|Any CPU
		{57258E8E-5117-490A-91C9-BDA7E173676C}.Release|Any CPU.ActiveCfg = Release|Any CPU
		{57258E8E-5117-490A-91C9-BDA7E173676C}.Release|Any CPU.Build.0 = Release|Any CPU
	EndGlobalSection
	GlobalSection(SolutionProperties) = preSolution
		HideSolutionNode = FALSE
	EndGlobalSection
	GlobalSection(ExtensibilityGlobals) = postSolution
		SolutionGuid = {849AD1B4-38C3-4155-8D05-7EDEAD60E8C8}
	EndGlobalSection
EndGlobal
